{
  "name": "simple-channel",
  "version": "0.0.1",
  "lockfileVersion": 1,
  "requires": true,
  "dependencies": {
    "mac-design-pattern": {
      "version": "0.0.1",
      "resolved": "https://registry.npmjs.org/mac-design-pattern/-/mac-design-pattern-0.0.1.tgz",
      "integrity": "sha512-7jT3xFHlOdCp1D25jzu6wM0BgBMtSaaLb76VrtmYfBQEcve+znMyqjEBrrHkCVLEcxlYVlnAgsjZipfjopaJTA=="
    }
  }
}
