{
  "name": "simple-channel",
  "version": "0.0.1",
  "lockfileVersion": 1,
  "requires": true,
  "dependencies": {
    "mac-design-pattern": {
      "version": "0.0.4",
      "resolved": "https://registry.npmjs.org/mac-design-pattern/-/mac-design-pattern-0.0.4.tgz",
      "integrity": "sha512-RXhQoJivTQHV/usK39HFxTib0xoOBepIM1mwr5nOVukryL7iP11ZXUfzn2IyaYgBOtcx9sumS/ygIPSpcUbFeA=="
    },
    "typescript": {
      "version": "3.8.3",
      "resolved": "https://registry.npmjs.org/typescript/-/typescript-3.8.3.tgz",
      "integrity": "sha512-MYlEfn5VrLNsgudQTVJeNaQFUAI7DkhnOjdpAp4T+ku1TfQClewlbSuTVHiA+8skNBgaf02TL/kLOvig4y3G8w==",
      "dev": true
    }
  }
}
