{
  "name": "mac-simple-channel",
  "version": "0.0.1",
  "lockfileVersion": 1,
  "requires": true,
  "dependencies": {
    "mac-design-pattern": {
      "version": "0.0.6",
      "resolved": "https://registry.npmjs.org/mac-design-pattern/-/mac-design-pattern-0.0.6.tgz",
      "integrity": "sha512-bexoutLYfiPLeaJkGamL1F5cMHzaKLNdxhOGE3W8czWDf81EDBw3lTqeDBHlEUGVyHulmu8s7cJWOUXdSANCCA=="
    },
    "typescript": {
      "version": "3.8.3",
      "resolved": "https://registry.npmjs.org/typescript/-/typescript-3.8.3.tgz",
      "integrity": "sha512-MYlEfn5VrLNsgudQTVJeNaQFUAI7DkhnOjdpAp4T+ku1TfQClewlbSuTVHiA+8skNBgaf02TL/kLOvig4y3G8w==",
      "dev": true
    }
  }
}
